
Microsoft Visual Studio Solution File, Format Version 12.00
# Visual Studio Version 16
VisualStudioVersion = 16.0.31402.337
MinimumVisualStudioVersion = 10.0.40219.1
Project("{2150E333-8FDC-42A3-9474-1A3956D46DE8}") = "Common", "Common", "{870F74EA-714B-420E-B426-89AFBDE72D47}"
EndProject
Project("{2150E333-8FDC-42A3-9474-1A3956D46DE8}") = "Services", "Services", "{DCC5C869-65AA-4196-8B3A-7A0AD2C3876B}"
EndProject
Project("{2150E333-8FDC-42A3-9474-1A3956D46DE8}") = "ApiGateway", "ApiGateway", "{C5F8A6C2-B10A-4D01-9C99-0D2F31C09968}"
EndProject
Project("{2150E333-8FDC-42A3-9474-1A3956D46DE8}") = "UI", "UI", "{BBA64983-D877-4EE8-8FBE-65B7FE8C4496}"
EndProject
Project("{FAE04EC0-301F-11D3-BF4B-00C04F79EFBC}") = "Common", "Common\Common.csproj", "{9E994FB6-43E7-4E83-86D1-DD95A0C38084}"
EndProject
Project("{FAE04EC0-301F-11D3-BF4B-00C04F79EFBC}") = "DAL", "DAL\DAL.csproj", "{DAAA73A8-19D8-4A51-9E14-4E87D64F9273}"
EndProject
Project("{FAE04EC0-301F-11D3-BF4B-00C04F79EFBC}") = "BLL", "BLL\BLL.csproj", "{20C82600-D4B0-4A57-8682-63AED6C7A981}"
EndProject
Project("{FAE04EC0-301F-11D3-BF4B-00C04F79EFBC}") = "API", "API\API.csproj", "{ABA4288D-15D6-48D7-AA97-611BC8BD530D}"
EndProject
Project("{FAE04EC0-301F-11D3-BF4B-00C04F79EFBC}") = "UserService", "UserService\UserService.csproj", "{B7313E86-2718-47C7-908F-BC7D73F47DB3}"
EndProject
Project("{FAE04EC0-301F-11D3-BF4B-00C04F79EFBC}") = "NotificationService", "NotificationService\NotificationService.csproj", "{B8638AFB-8B6E-4CFD-AF52-A7F88E84F96F}"
EndProject
Project("{FAE04EC0-301F-11D3-BF4B-00C04F79EFBC}") = "ApiGateway", "ApiGateway\ApiGateway.csproj", "{FF08B3F7-0FC2-4A2F-A3D0-94DDBE122838}"
EndProject
Project("{FAE04EC0-301F-11D3-BF4B-00C04F79EFBC}") = "UI", "UI\UI.csproj", "{7DFC7F54-8486-472C-A332-807DAC472655}"
EndProject
Global
	GlobalSection(SolutionConfigurationPlatforms) = preSolution
		Debug|Any CPU = Debug|Any CPU
		Release|Any CPU = Release|Any CPU
	EndGlobalSection
	GlobalSection(ProjectConfigurationPlatforms) = postSolution
		{9E994FB6-43E7-4E83-86D1-DD95A0C38084}.Debug|Any CPU.ActiveCfg = Debug|Any CPU
		{9E994FB6-43E7-4E83-86D1-DD95A0C38084}.Debug|Any CPU.Build.0 = Debug|Any CPU
		{9E994FB6-43E7-4E83-86D1-DD95A0C38084}.Release|Any CPU.ActiveCfg = Release|Any CPU
		{9E994FB6-43E7-4E83-86D1-DD95A0C38084}.Release|Any CPU.Build.0 = Release|Any CPU
		{DAAA73A8-19D8-4A51-9E14-4E87D64F9273}.Debug|Any CPU.ActiveCfg = Debug|Any CPU
		{DAAA73A8-19D8-4A51-9E14-4E87D64F9273}.Debug|Any CPU.Build.0 = Debug|Any CPU
		{DAAA73A8-19D8-4A51-9E14-4E87D64F9273}.Release|Any CPU.ActiveCfg = Release|Any CPU
		{DAAA73A8-19D8-4A51-9E14-4E87D64F9273}.Release|Any CPU.Build.0 = Release|Any CPU
		{20C82600-D4B0-4A57-8682-63AED6C7A981}.Debug|Any CPU.ActiveCfg = Debug|Any CPU
		{20C82600-D4B0-4A57-8682-63AED6C7A981}.Debug|Any CPU.Build.0 = Debug|Any CPU
		{20C82600-D4B0-4A57-8682-63AED6C7A981}.Release|Any CPU.ActiveCfg = Release|Any CPU
		{20C82600-D4B0-4A57-8682-63AED6C7A981}.Release|Any CPU.Build.0 = Release|Any CPU
		{ABA4288D-15D6-48D7-AA97-611BC8BD530D}.Debug|Any CPU.ActiveCfg = Debug|Any CPU
		{ABA4288D-15D6-48D7-AA97-611BC8BD530D}.Debug|Any CPU.Build.0 = Debug|Any CPU
		{ABA4288D-15D6-48D7-AA97-611BC8BD530D}.Release|Any CPU.ActiveCfg = Release|Any CPU
		{ABA4288D-15D6-48D7-AA97-611BC8BD530D}.Release|Any CPU.Build.0 = Release|Any CPU
		{B7313E86-2718-47C7-908F-BC7D73F47DB3}.Debug|Any CPU.ActiveCfg = Debug|Any CPU
		{B7313E86-2718-47C7-908F-BC7D73F47DB3}.Debug|Any CPU.Build.0 = Debug|Any CPU
		{B7313E86-2718-47C7-908F-BC7D73F47DB3}.Release|Any CPU.ActiveCfg = Release|Any CPU
		{B7313E86-2718-47C7-908F-BC7D73F47DB3}.Release|Any CPU.Build.0 = Release|Any CPU
		{B8638AFB-8B6E-4CFD-AF52-A7F88E84F96F}.Debug|Any CPU.ActiveCfg = Debug|Any CPU
		{B8638AFB-8B6E-4CFD-AF52-A7F88E84F96F}.Debug|Any CPU.Build.0 = Debug|Any CPU
		{B8638AFB-8B6E-4CFD-AF52-A7F88E84F96F}.Release|Any CPU.ActiveCfg = Release|Any CPU
		{B8638AFB-8B6E-4CFD-AF52-A7F88E84F96F}.Release|Any CPU.Build.0 = Release|Any CPU
		{FF08B3F7-0FC2-4A2F-A3D0-94DDBE122838}.Debug|Any CPU.ActiveCfg = Debug|Any CPU
		{FF08B3F7-0FC2-4A2F-A3D0-94DDBE122838}.Debug|Any CPU.Build.0 = Debug|Any CPU
		{FF08B3F7-0FC2-4A2F-A3D0-94DDBE122838}.Release|Any CPU.ActiveCfg = Release|Any CPU
		{FF08B3F7-0FC2-4A2F-A3D0-94DDBE122838}.Release|Any CPU.Build.0 = Release|Any CPU
		{7DFC7F54-8486-472C-A332-807DAC472655}.Debug|Any CPU.ActiveCfg = Debug|Any CPU
		{7DFC7F54-8486-472C-A332-807DAC472655}.Debug|Any CPU.Build.0 = Debug|Any CPU
		{7DFC7F54-8486-472C-A332-807DAC472655}.Release|Any CPU.ActiveCfg = Release|Any CPU
		{7DFC7F54-8486-472C-A332-807DAC472655}.Release|Any CPU.Build.0 = Release|Any CPU
	EndGlobalSection
	GlobalSection(SolutionProperties) = preSolution
		HideSolutionNode = FALSE
	EndGlobalSection
	GlobalSection(NestedProjects) = preSolution
		{9E994FB6-43E7-4E83-86D1-DD95A0C38084} = {870F74EA-714B-420E-B426-89AFBDE72D47}
		{DAAA73A8-19D8-4A51-9E14-4E87D64F9273} = {870F74EA-714B-420E-B426-89AFBDE72D47}
		{20C82600-D4B0-4A57-8682-63AED6C7A981} = {870F74EA-714B-420E-B426-89AFBDE72D47}
		{ABA4288D-15D6-48D7-AA97-611BC8BD530D} = {870F74EA-714B-420E-B426-89AFBDE72D47}
		{B7313E86-2718-47C7-908F-BC7D73F47DB3} = {DCC5C869-65AA-4196-8B3A-7A0AD2C3876B}
		{B8638AFB-8B6E-4CFD-AF52-A7F88E84F96F} = {DCC5C869-65AA-4196-8B3A-7A0AD2C3876B}
		{FF08B3F7-0FC2-4A2F-A3D0-94DDBE122838} = {C5F8A6C2-B10A-4D01-9C99-0D2F31C09968}
		{7DFC7F54-8486-472C-A332-807DAC472655} = {BBA64983-D877-4EE8-8FBE-65B7FE8C4496}
	EndGlobalSection
	GlobalSection(ExtensibilityGlobals) = postSolution
		SolutionGuid = {378EAB9F-0A63-4C01-96FB-51A2D16AF56F}
	EndGlobalSection
EndGlobal
