<Solution>
  <Folder Name="/Presentation/">
    <Project Path="Presentation/UI/UI.csproj" />
  </Folder>
  <Folder Name="/Services/">
    <Project Path="Services/ApiGateway/ApiGateway.csproj" />
    <Project Path="Services/NotificationService/NotificationService.Api/NotificationService.Api.csproj" />
    <Project Path="Services/NotificationService/NotificationService.Application/NotificationService.Application.csproj" />
    <Project Path="Services/NotificationService/NotificationService.Domain/NotificationService.Domain.csproj" />
    <Project Path="Services/NotificationService/NotificationService.Infrastructure/NotificationService.Infrastructure.csproj" />
    <Project Path="Services/UserService/UserService.Api/UserService.Api.csproj" />
    <Project Path="Services/UserService/UserService.Application/UserService.Application.csproj" />
    <Project Path="Services/UserService/UserService.Domain/UserService.Domain.csproj" />
    <Project Path="Services/UserService/UserService.Infrastructure/UserService.Infrastructure.csproj" />
  </Folder>
  <Folder Name="/Shared/">
    <Project Path="Shared/Shared.Api/Shared.Api.csproj" />
    <Project Path="Shared/Shared.Application/Shared.Application.csproj" />
    <Project Path="Shared/Shared.Domain/Shared.Domain.csproj" />
    <Project Path="Shared/Shared.Infrastructure/Shared.Infrastructure.csproj" />
  </Folder>
  <Folder Name="/Tests/">
    <Project Path="Tests/ArchitectureTests/ArchitectureTests.csproj" />
    <Project Path="Tests/WiringTests/WiringTests.csproj" />
  </Folder>
</Solution>
